<?xml version="1.0" encoding="UTF-8"?>
<CONFIG>
  <ProjectOptions>
    <Version Value="11"/>
    <PathDelim Value="\"/>
    <General>
      <SessionStorage Value="InProjectDir"/>
      <MainUnit Value="0"/>
      <Title Value="twitch_vip_bot"/>
      <Scaled Value="True"/>
      <ResourceType Value="res"/>
      <UseXPManifest Value="True"/>
      <XPManifest>
        <DpiAware Value="True"/>
      </XPManifest>
      <Icon Value="0"/>
    </General>
    <BuildModes Count="1">
      <Item1 Name="Default" Default="True"/>
    </BuildModes>
    <PublishOptions>
      <Version Value="2"/>
      <UseFileFilters Value="True"/>
    </PublishOptions>
    <RunParams>
      <FormatVersion Value="2"/>
      <Modes Count="0"/>
    </RunParams>
    <RequiredPackages Count="2">
      <Item1>
        <PackageName Value="Printer4Lazarus"/>
      </Item1>
      <Item2>
        <PackageName Value="LCL"/>
      </Item2>
    </RequiredPackages>
    <Units Count="17">
      <Unit0>
        <Filename Value="twitch_vip_bot.lpr"/>
        <IsPartOfProject Value="True"/>
      </Unit0>
      <Unit1>
        <Filename Value="main.pas"/>
        <IsPartOfProject Value="True"/>
        <ComponentName Value="FrmMain"/>
        <HasResources Value="True"/>
        <ResourceBaseClass Value="Form"/>
      </Unit1>
      <Unit2>
        <Filename Value="UAsyncResultSet.pas"/>
        <IsPartOfProject Value="True"/>
      </Unit2>
      <Unit3>
        <Filename Value="DbcScriptUtils.pas"/>
        <IsPartOfProject Value="True"/>
      </Unit3>
      <Unit4>
        <Filename Value="u_irc.pas"/>
        <IsPartOfProject Value="True"/>
      </Unit4>
      <Unit5>
        <Filename Value="Uloginf.pas"/>
        <IsPartOfProject Value="True"/>
        <ComponentName Value="frmLogin"/>
        <HasResources Value="True"/>
        <ResourceBaseClass Value="Form"/>
        <UnitName Value="uloginf"/>
      </Unit5>
      <Unit6>
        <Filename Value="ufrmparam.pas"/>
        <IsPartOfProject Value="True"/>
        <ComponentName Value="FrmParam"/>
        <HasResources Value="True"/>
        <ResourceBaseClass Value="Form"/>
        <UnitName Value="UFrmParam"/>
      </Unit6>
      <Unit7>
        <Filename Value="ufrmabout.pas"/>
        <IsPartOfProject Value="True"/>
        <ComponentName Value="FrmAbout"/>
        <HasResources Value="True"/>
        <ResourceBaseClass Value="Form"/>
        <UnitName Value="UFrmAbout"/>
      </Unit7>
      <Unit8>
        <Filename Value="ufrmvipparam.pas"/>
        <IsPartOfProject Value="True"/>
        <ComponentName Value="FrmVipParam"/>
        <HasResources Value="True"/>
        <ResourceBaseClass Value="Form"/>
        <UnitName Value="UFrmVipParam"/>
      </Unit8>
      <Unit9>
        <Filename Value="ufrmsubparam.pas"/>
        <IsPartOfProject Value="True"/>
        <ComponentName Value="FrmSubParam"/>
        <HasResources Value="True"/>
        <ResourceBaseClass Value="Form"/>
        <UnitName Value="UFrmSubParam"/>
      </Unit9>
      <Unit10>
        <Filename Value="ufrmvol.pas"/>
        <IsPartOfProject Value="True"/>
        <ComponentName Value="FrmVolParam"/>
        <HasResources Value="True"/>
        <ResourceBaseClass Value="Form"/>
      </Unit10>
      <Unit11>
        <Filename Value="ufrmvorrpg.pas"/>
        <IsPartOfProject Value="True"/>
        <ComponentName Value="FrmVorRpg"/>
        <HasResources Value="True"/>
        <ResourceBaseClass Value="Form"/>
        <UnitName Value="UFrmVorRpg"/>
      </Unit11>
      <Unit12>
        <Filename Value="ufrmexportstory.pas"/>
        <IsPartOfProject Value="True"/>
        <ComponentName Value="FrmExportStory"/>
        <HasResources Value="True"/>
        <ResourceBaseClass Value="Form"/>
      </Unit12>
      <Unit13>
        <Filename Value="fpcookie_parse.pas"/>
        <IsPartOfProject Value="True"/>
      </Unit13>
      <Unit14>
        <Filename Value="libaudio_static.pas"/>
        <IsPartOfProject Value="True"/>
      </Unit14>
      <Unit15>
        <Filename Value="ufrmytts.pas"/>
        <IsPartOfProject Value="True"/>
        <ComponentName Value="FrmYtts"/>
        <HasResources Value="True"/>
        <ResourceBaseClass Value="Form"/>
        <UnitName Value="UFrmYtts"/>
      </Unit15>
      <Unit16>
        <Filename Value="wordfilter.pas"/>
        <IsPartOfProject Value="True"/>
        <UnitName Value="WordFilter"/>
      </Unit16>
    </Units>
  </ProjectOptions>
  <CompilerOptions>
    <Version Value="11"/>
    <PathDelim Value="\"/>
    <Target>
      <Filename Value="twitch_vip_bot"/>
    </Target>
    <SearchPaths>
      <IncludeFiles Value="$(ProjOutDir)"/>
      <Libraries Value="netlibs\static\$(TargetCPU)-$(TargetOS);audio_libs\static\$(TargetCPU)-$(TargetOS)"/>
      <OtherUnitFiles Value="KControls;zeosdbo\component;zeosdbo\core;zeosdbo\plain;zeosdbo\parsesql;zeosdbo\dbc;utils_libs;uniqueinstance\uniqueinstance;netlibs;netlibs\xpath;FastMM4-AVX;fpspreadsheet\common;audio_libs"/>
      <UnitOutputDirectory Value="lib\$(TargetCPU)-$(TargetOS)"/>
    </SearchPaths>
    <CodeGeneration>
      <SmartLinkUnit Value="True"/>
      <RelocatableUnit Value="True"/>
      <TargetCPU Value="x86_64"/>
      <Optimizations>
        <OptimizationLevel Value="3"/>
      </Optimizations>
    </CodeGeneration>
    <Linking>
      <Debugging>
        <GenerateDebugInfo Value="False"/>
      </Debugging>
      <LinkSmart Value="True"/>
      <Options>
        <Win32>
          <GraphicApplication Value="True"/>
        </Win32>
      </Options>
    </Linking>
    <Other>
      <CustomOptions Value="-OoLOOPUNROLL
-dDisableMemoryLeakReporting
-dUSE_STATIC_NGHTTP2
-dUSE_STATIC_PORTAUDIO
-dUSE_STATIC_SNDFILE
-dUSE_STATIC_MPG123
-dLS_NOT_chkstk_ms
-dLS_NOT_assert
-dLS_NOT_memset
-dLS_NOT_memcpy
-dLS_NOT_strlen
-dLS_NOT_CMEM
-dLS_NOT_qsort
-dLS_NOT_abort
-dLS_NOT_fprintf
-dLS_NOT_memmove
-dLS_NOT_memcmp
-dLS_NOT_fputc
-dLS_NOT_udivdi3
-dLS_NOT_umoddi3
-dLS_NOT_imp___iob"/>
      <OtherDefines Count="20">
        <Define0 Value="DisableMemoryLeakReporting"/>
        <Define1 Value="USE_STATIC_NGHTTP2"/>
        <Define2 Value="USE_STATIC_PORTAUDIO"/>
        <Define3 Value="USE_STATIC_SNDFILE"/>
        <Define4 Value="LS_NOT_chkstk_ms"/>
        <Define5 Value="LS_NOT_assert"/>
        <Define6 Value="LS_NOT_memset"/>
        <Define7 Value="LS_NOT_memcpy"/>
        <Define8 Value="LS_NOT_strlen"/>
        <Define9 Value="LS_NOT_CMEM"/>
        <Define10 Value="LS_NOT_qsort"/>
        <Define11 Value="LS_NOT_abort"/>
        <Define12 Value="LS_NOT_fprintf"/>
        <Define13 Value="LS_NOT_memmove"/>
        <Define14 Value="LS_NOT_memcmp"/>
        <Define15 Value="LS_NOT_fputc"/>
        <Define16 Value="LS_NOT_udivdi3"/>
        <Define17 Value="LS_NOT_umoddi3"/>
        <Define18 Value="LS_NOT_imp___iob"/>
        <Define19 Value="USE_STATIC_MPG123"/>
      </OtherDefines>
    </Other>
  </CompilerOptions>
  <Debugging>
    <Exceptions Count="3">
      <Item1>
        <Name Value="EAbort"/>
      </Item1>
      <Item2>
        <Name Value="ECodetoolError"/>
      </Item2>
      <Item3>
        <Name Value="EFOpenError"/>
      </Item3>
    </Exceptions>
  </Debugging>
</CONFIG>
